
Microsoft Visual Studio Solution File, Format Version 12.00
# Visual Studio 15
VisualStudioVersion = 15.0.26430.6
MinimumVisualStudioVersion = 10.0.40219.1
Project("{FAE04EC0-301F-11D3-BF4B-00C04F79EFBC}") = "Map3DProject.Android", "Map3DProject\Map3DProject.Android\Map3DProject.Android.csproj", "{9EAC3644-0802-4ADD-8C9B-E497824AA2D7}"
EndProject
Project("{FAE04EC0-301F-11D3-BF4B-00C04F79EFBC}") = "Map3DProject", "Map3DProject\Map3DProject\Map3DProject.csproj", "{91A472AB-B125-48A7-AE3F-D20164CDD0F0}"
EndProject
Project("{FAE04EC0-301F-11D3-BF4B-00C04F79EFBC}") = "Map3DProject.UWP", "Map3DProject\Map3DProject.UWP\Map3DProject.UWP.csproj", "{243EE4A3-178C-4E37-ACAF-2F15B3A05442}"
EndProject
Project("{FAE04EC0-301F-11D3-BF4B-00C04F79EFBC}") = "Map3DProject.iOS", "Map3DProject\Map3DProject.iOS\Map3DProject.iOS.csproj", "{7CABBD06-9F9A-440F-A67C-80DFBF4B783F}"
EndProject
Global
	GlobalSection(SolutionConfigurationPlatforms) = preSolution
		Ad-Hoc|Any CPU = Ad-Hoc|Any CPU
		Ad-Hoc|ARM = Ad-Hoc|ARM
		Ad-Hoc|iPhone = Ad-Hoc|iPhone
		Ad-Hoc|iPhoneSimulator = Ad-Hoc|iPhoneSimulator
		Ad-Hoc|x64 = Ad-Hoc|x64
		Ad-Hoc|x86 = Ad-Hoc|x86
		AppStore|Any CPU = AppStore|Any CPU
		AppStore|ARM = AppStore|ARM
		AppStore|iPhone = AppStore|iPhone
		AppStore|iPhoneSimulator = AppStore|iPhoneSimulator
		AppStore|x64 = AppStore|x64
		AppStore|x86 = AppStore|x86
		Debug|Any CPU = Debug|Any CPU
		Debug|ARM = Debug|ARM
		Debug|iPhone = Debug|iPhone
		Debug|iPhoneSimulator = Debug|iPhoneSimulator
		Debug|x64 = Debug|x64
		Debug|x86 = Debug|x86
		Release|Any CPU = Release|Any CPU
		Release|ARM = Release|ARM
		Release|iPhone = Release|iPhone
		Release|iPhoneSimulator = Release|iPhoneSimulator
		Release|x64 = Release|x64
		Release|x86 = Release|x86
	EndGlobalSection
	GlobalSection(ProjectConfigurationPlatforms) = postSolution
		{9EAC3644-0802-4ADD-8C9B-E497824AA2D7}.Ad-Hoc|Any CPU.ActiveCfg = Release|Any CPU
		{9EAC3644-0802-4ADD-8C9B-E497824AA2D7}.Ad-Hoc|Any CPU.Build.0 = Release|Any CPU
		{9EAC3644-0802-4ADD-8C9B-E497824AA2D7}.Ad-Hoc|Any CPU.Deploy.0 = Release|Any CPU
		{9EAC3644-0802-4ADD-8C9B-E497824AA2D7}.Ad-Hoc|ARM.ActiveCfg = Release|Any CPU
		{9EAC3644-0802-4ADD-8C9B-E497824AA2D7}.Ad-Hoc|ARM.Build.0 = Release|Any CPU
		{9EAC3644-0802-4ADD-8C9B-E497824AA2D7}.Ad-Hoc|ARM.Deploy.0 = Release|Any CPU
		{9EAC3644-0802-4ADD-8C9B-E497824AA2D7}.Ad-Hoc|iPhone.ActiveCfg = Release|Any CPU
		{9EAC3644-0802-4ADD-8C9B-E497824AA2D7}.Ad-Hoc|iPhone.Build.0 = Release|Any CPU
		{9EAC3644-0802-4ADD-8C9B-E497824AA2D7}.Ad-Hoc|iPhone.Deploy.0 = Release|Any CPU
		{9EAC3644-0802-4ADD-8C9B-E497824AA2D7}.Ad-Hoc|iPhoneSimulator.ActiveCfg = Release|Any CPU
		{9EAC3644-0802-4ADD-8C9B-E497824AA2D7}.Ad-Hoc|iPhoneSimulator.Build.0 = Release|Any CPU
		{9EAC3644-0802-4ADD-8C9B-E497824AA2D7}.Ad-Hoc|iPhoneSimulator.Deploy.0 = Release|Any CPU
		{9EAC3644-0802-4ADD-8C9B-E497824AA2D7}.Ad-Hoc|x64.ActiveCfg = Release|Any CPU
		{9EAC3644-0802-4ADD-8C9B-E497824AA2D7}.Ad-Hoc|x64.Build.0 = Release|Any CPU
		{9EAC3644-0802-4ADD-8C9B-E497824AA2D7}.Ad-Hoc|x64.Deploy.0 = Release|Any CPU
		{9EAC3644-0802-4ADD-8C9B-E497824AA2D7}.Ad-Hoc|x86.ActiveCfg = Release|Any CPU
		{9EAC3644-0802-4ADD-8C9B-E497824AA2D7}.Ad-Hoc|x86.Build.0 = Release|Any CPU
		{9EAC3644-0802-4ADD-8C9B-E497824AA2D7}.Ad-Hoc|x86.Deploy.0 = Release|Any CPU
		{9EAC3644-0802-4ADD-8C9B-E497824AA2D7}.AppStore|Any CPU.ActiveCfg = Release|Any CPU
		{9EAC3644-0802-4ADD-8C9B-E497824AA2D7}.AppStore|Any CPU.Build.0 = Release|Any CPU
		{9EAC3644-0802-4ADD-8C9B-E497824AA2D7}.AppStore|Any CPU.Deploy.0 = Release|Any CPU
		{9EAC3644-0802-4ADD-8C9B-E497824AA2D7}.AppStore|ARM.ActiveCfg = Release|Any CPU
		{9EAC3644-0802-4ADD-8C9B-E497824AA2D7}.AppStore|ARM.Build.0 = Release|Any CPU
		{9EAC3644-0802-4ADD-8C9B-E497824AA2D7}.AppStore|ARM.Deploy.0 = Release|Any CPU
		{9EAC3644-0802-4ADD-8C9B-E497824AA2D7}.AppStore|iPhone.ActiveCfg = Release|Any CPU
		{9EAC3644-0802-4ADD-8C9B-E497824AA2D7}.AppStore|iPhone.Build.0 = Release|Any CPU
		{9EAC3644-0802-4ADD-8C9B-E497824AA2D7}.AppStore|iPhone.Deploy.0 = Release|Any CPU
		{9EAC3644-0802-4ADD-8C9B-E497824AA2D7}.AppStore|iPhoneSimulator.ActiveCfg = Release|Any CPU
		{9EAC3644-0802-4ADD-8C9B-E497824AA2D7}.AppStore|iPhoneSimulator.Build.0 = Release|Any CPU
		{9EAC3644-0802-4ADD-8C9B-E497824AA2D7}.AppStore|iPhoneSimulator.Deploy.0 = Release|Any CPU
		{9EAC3644-0802-4ADD-8C9B-E497824AA2D7}.AppStore|x64.ActiveCfg = Release|Any CPU
		{9EAC3644-0802-4ADD-8C9B-E497824AA2D7}.AppStore|x64.Build.0 = Release|Any CPU
		{9EAC3644-0802-4ADD-8C9B-E497824AA2D7}.AppStore|x64.Deploy.0 = Release|Any CPU
		{9EAC3644-0802-4ADD-8C9B-E497824AA2D7}.AppStore|x86.ActiveCfg = Release|Any CPU
		{9EAC3644-0802-4ADD-8C9B-E497824AA2D7}.AppStore|x86.Build.0 = Release|Any CPU
		{9EAC3644-0802-4ADD-8C9B-E497824AA2D7}.AppStore|x86.Deploy.0 = Release|Any CPU
		{9EAC3644-0802-4ADD-8C9B-E497824AA2D7}.Debug|Any CPU.ActiveCfg = Debug|Any CPU
		{9EAC3644-0802-4ADD-8C9B-E497824AA2D7}.Debug|Any CPU.Build.0 = Debug|Any CPU
		{9EAC3644-0802-4ADD-8C9B-E497824AA2D7}.Debug|Any CPU.Deploy.0 = Debug|Any CPU
		{9EAC3644-0802-4ADD-8C9B-E497824AA2D7}.Debug|ARM.ActiveCfg = Debug|Any CPU
		{9EAC3644-0802-4ADD-8C9B-E497824AA2D7}.Debug|ARM.Build.0 = Debug|Any CPU
		{9EAC3644-0802-4ADD-8C9B-E497824AA2D7}.Debug|ARM.Deploy.0 = Debug|Any CPU
		{9EAC3644-0802-4ADD-8C9B-E497824AA2D7}.Debug|iPhone.ActiveCfg = Debug|Any CPU
		{9EAC3644-0802-4ADD-8C9B-E497824AA2D7}.Debug|iPhone.Build.0 = Debug|Any CPU
		{9EAC3644-0802-4ADD-8C9B-E497824AA2D7}.Debug|iPhone.Deploy.0 = Debug|Any CPU
		{9EAC3644-0802-4ADD-8C9B-E497824AA2D7}.Debug|iPhoneSimulator.ActiveCfg = Debug|Any CPU
		{9EAC3644-0802-4ADD-8C9B-E497824AA2D7}.Debug|iPhoneSimulator.Build.0 = Debug|Any CPU
		{9EAC3644-0802-4ADD-8C9B-E497824AA2D7}.Debug|iPhoneSimulator.Deploy.0 = Debug|Any CPU
		{9EAC3644-0802-4ADD-8C9B-E497824AA2D7}.Debug|x64.ActiveCfg = Debug|Any CPU
		{9EAC3644-0802-4ADD-8C9B-E497824AA2D7}.Debug|x64.Build.0 = Debug|Any CPU
		{9EAC3644-0802-4ADD-8C9B-E497824AA2D7}.Debug|x64.Deploy.0 = Debug|Any CPU
		{9EAC3644-0802-4ADD-8C9B-E497824AA2D7}.Debug|x86.ActiveCfg = Debug|Any CPU
		{9EAC3644-0802-4ADD-8C9B-E497824AA2D7}.Debug|x86.Build.0 = Debug|Any CPU
		{9EAC3644-0802-4ADD-8C9B-E497824AA2D7}.Debug|x86.Deploy.0 = Debug|Any CPU
		{9EAC3644-0802-4ADD-8C9B-E497824AA2D7}.Release|Any CPU.ActiveCfg = Release|Any CPU
		{9EAC3644-0802-4ADD-8C9B-E497824AA2D7}.Release|Any CPU.Build.0 = Release|Any CPU
		{9EAC3644-0802-4ADD-8C9B-E497824AA2D7}.Release|Any CPU.Deploy.0 = Release|Any CPU
		{9EAC3644-0802-4ADD-8C9B-E497824AA2D7}.Release|ARM.ActiveCfg = Release|Any CPU
		{9EAC3644-0802-4ADD-8C9B-E497824AA2D7}.Release|ARM.Build.0 = Release|Any CPU
		{9EAC3644-0802-4ADD-8C9B-E497824AA2D7}.Release|ARM.Deploy.0 = Release|Any CPU
		{9EAC3644-0802-4ADD-8C9B-E497824AA2D7}.Release|iPhone.ActiveCfg = Release|Any CPU
		{9EAC3644-0802-4ADD-8C9B-E497824AA2D7}.Release|iPhone.Build.0 = Release|Any CPU
		{9EAC3644-0802-4ADD-8C9B-E497824AA2D7}.Release|iPhone.Deploy.0 = Release|Any CPU
		{9EAC3644-0802-4ADD-8C9B-E497824AA2D7}.Release|iPhoneSimulator.ActiveCfg = Release|Any CPU
		{9EAC3644-0802-4ADD-8C9B-E497824AA2D7}.Release|iPhoneSimulator.Build.0 = Release|Any CPU
		{9EAC3644-0802-4ADD-8C9B-E497824AA2D7}.Release|iPhoneSimulator.Deploy.0 = Release|Any CPU
		{9EAC3644-0802-4ADD-8C9B-E497824AA2D7}.Release|x64.ActiveCfg = Release|Any CPU
		{9EAC3644-0802-4ADD-8C9B-E497824AA2D7}.Release|x64.Build.0 = Release|Any CPU
		{9EAC3644-0802-4ADD-8C9B-E497824AA2D7}.Release|x64.Deploy.0 = Release|Any CPU
		{9EAC3644-0802-4ADD-8C9B-E497824AA2D7}.Release|x86.ActiveCfg = Release|Any CPU
		{9EAC3644-0802-4ADD-8C9B-E497824AA2D7}.Release|x86.Build.0 = Release|Any CPU
		{9EAC3644-0802-4ADD-8C9B-E497824AA2D7}.Release|x86.Deploy.0 = Release|Any CPU
		{91A472AB-B125-48A7-AE3F-D20164CDD0F0}.Ad-Hoc|Any CPU.ActiveCfg = Release|Any CPU
		{91A472AB-B125-48A7-AE3F-D20164CDD0F0}.Ad-Hoc|Any CPU.Build.0 = Release|Any CPU
		{91A472AB-B125-48A7-AE3F-D20164CDD0F0}.Ad-Hoc|ARM.ActiveCfg = Release|Any CPU
		{91A472AB-B125-48A7-AE3F-D20164CDD0F0}.Ad-Hoc|ARM.Build.0 = Release|Any CPU
		{91A472AB-B125-48A7-AE3F-D20164CDD0F0}.Ad-Hoc|iPhone.ActiveCfg = Release|Any CPU
		{91A472AB-B125-48A7-AE3F-D20164CDD0F0}.Ad-Hoc|iPhone.Build.0 = Release|Any CPU
		{91A472AB-B125-48A7-AE3F-D20164CDD0F0}.Ad-Hoc|iPhoneSimulator.ActiveCfg = Release|Any CPU
		{91A472AB-B125-48A7-AE3F-D20164CDD0F0}.Ad-Hoc|iPhoneSimulator.Build.0 = Release|Any CPU
		{91A472AB-B125-48A7-AE3F-D20164CDD0F0}.Ad-Hoc|x64.ActiveCfg = Release|Any CPU
		{91A472AB-B125-48A7-AE3F-D20164CDD0F0}.Ad-Hoc|x64.Build.0 = Release|Any CPU
		{91A472AB-B125-48A7-AE3F-D20164CDD0F0}.Ad-Hoc|x86.ActiveCfg = Release|Any CPU
		{91A472AB-B125-48A7-AE3F-D20164CDD0F0}.Ad-Hoc|x86.Build.0 = Release|Any CPU
		{91A472AB-B125-48A7-AE3F-D20164CDD0F0}.AppStore|Any CPU.ActiveCfg = Release|Any CPU
		{91A472AB-B125-48A7-AE3F-D20164CDD0F0}.AppStore|Any CPU.Build.0 = Release|Any CPU
		{91A472AB-B125-48A7-AE3F-D20164CDD0F0}.AppStore|ARM.ActiveCfg = Release|Any CPU
		{91A472AB-B125-48A7-AE3F-D20164CDD0F0}.AppStore|ARM.Build.0 = Release|Any CPU
		{91A472AB-B125-48A7-AE3F-D20164CDD0F0}.AppStore|iPhone.ActiveCfg = Release|Any CPU
		{91A472AB-B125-48A7-AE3F-D20164CDD0F0}.AppStore|iPhone.Build.0 = Release|Any CPU
		{91A472AB-B125-48A7-AE3F-D20164CDD0F0}.AppStore|iPhoneSimulator.ActiveCfg = Release|Any CPU
		{91A472AB-B125-48A7-AE3F-D20164CDD0F0}.AppStore|iPhoneSimulator.Build.0 = Release|Any CPU
		{91A472AB-B125-48A7-AE3F-D20164CDD0F0}.AppStore|x64.ActiveCfg = Release|Any CPU
		{91A472AB-B125-48A7-AE3F-D20164CDD0F0}.AppStore|x64.Build.0 = Release|Any CPU
		{91A472AB-B125-48A7-AE3F-D20164CDD0F0}.AppStore|x86.ActiveCfg = Release|Any CPU
		{91A472AB-B125-48A7-AE3F-D20164CDD0F0}.AppStore|x86.Build.0 = Release|Any CPU
		{91A472AB-B125-48A7-AE3F-D20164CDD0F0}.Debug|Any CPU.ActiveCfg = Debug|Any CPU
		{91A472AB-B125-48A7-AE3F-D20164CDD0F0}.Debug|Any CPU.Build.0 = Debug|Any CPU
		{91A472AB-B125-48A7-AE3F-D20164CDD0F0}.Debug|ARM.ActiveCfg = Debug|Any CPU
		{91A472AB-B125-48A7-AE3F-D20164CDD0F0}.Debug|ARM.Build.0 = Debug|Any CPU
		{91A472AB-B125-48A7-AE3F-D20164CDD0F0}.Debug|iPhone.ActiveCfg = Debug|Any CPU
		{91A472AB-B125-48A7-AE3F-D20164CDD0F0}.Debug|iPhone.Build.0 = Debug|Any CPU
		{91A472AB-B125-48A7-AE3F-D20164CDD0F0}.Debug|iPhoneSimulator.ActiveCfg = Debug|Any CPU
		{91A472AB-B125-48A7-AE3F-D20164CDD0F0}.Debug|iPhoneSimulator.Build.0 = Debug|Any CPU
		{91A472AB-B125-48A7-AE3F-D20164CDD0F0}.Debug|x64.ActiveCfg = Debug|Any CPU
		{91A472AB-B125-48A7-AE3F-D20164CDD0F0}.Debug|x64.Build.0 = Debug|Any CPU
		{91A472AB-B125-48A7-AE3F-D20164CDD0F0}.Debug|x86.ActiveCfg = Debug|Any CPU
		{91A472AB-B125-48A7-AE3F-D20164CDD0F0}.Debug|x86.Build.0 = Debug|Any CPU
		{91A472AB-B125-48A7-AE3F-D20164CDD0F0}.Release|Any CPU.ActiveCfg = Release|Any CPU
		{91A472AB-B125-48A7-AE3F-D20164CDD0F0}.Release|Any CPU.Build.0 = Release|Any CPU
		{91A472AB-B125-48A7-AE3F-D20164CDD0F0}.Release|ARM.ActiveCfg = Release|Any CPU
		{91A472AB-B125-48A7-AE3F-D20164CDD0F0}.Release|ARM.Build.0 = Release|Any CPU
		{91A472AB-B125-48A7-AE3F-D20164CDD0F0}.Release|iPhone.ActiveCfg = Release|Any CPU
		{91A472AB-B125-48A7-AE3F-D20164CDD0F0}.Release|iPhone.Build.0 = Release|Any CPU
		{91A472AB-B125-48A7-AE3F-D20164CDD0F0}.Release|iPhoneSimulator.ActiveCfg = Release|Any CPU
		{91A472AB-B125-48A7-AE3F-D20164CDD0F0}.Release|iPhoneSimulator.Build.0 = Release|Any CPU
		{91A472AB-B125-48A7-AE3F-D20164CDD0F0}.Release|x64.ActiveCfg = Release|Any CPU
		{91A472AB-B125-48A7-AE3F-D20164CDD0F0}.Release|x64.Build.0 = Release|Any CPU
		{91A472AB-B125-48A7-AE3F-D20164CDD0F0}.Release|x86.ActiveCfg = Release|Any CPU
		{91A472AB-B125-48A7-AE3F-D20164CDD0F0}.Release|x86.Build.0 = Release|Any CPU
		{243EE4A3-178C-4E37-ACAF-2F15B3A05442}.Ad-Hoc|Any CPU.ActiveCfg = Release|x86
		{243EE4A3-178C-4E37-ACAF-2F15B3A05442}.Ad-Hoc|Any CPU.Build.0 = Release|x86
		{243EE4A3-178C-4E37-ACAF-2F15B3A05442}.Ad-Hoc|Any CPU.Deploy.0 = Release|x86
		{243EE4A3-178C-4E37-ACAF-2F15B3A05442}.Ad-Hoc|ARM.ActiveCfg = Release|ARM
		{243EE4A3-178C-4E37-ACAF-2F15B3A05442}.Ad-Hoc|ARM.Build.0 = Release|ARM
		{243EE4A3-178C-4E37-ACAF-2F15B3A05442}.Ad-Hoc|ARM.Deploy.0 = Release|ARM
		{243EE4A3-178C-4E37-ACAF-2F15B3A05442}.Ad-Hoc|iPhone.ActiveCfg = Release|x86
		{243EE4A3-178C-4E37-ACAF-2F15B3A05442}.Ad-Hoc|iPhone.Build.0 = Release|x86
		{243EE4A3-178C-4E37-ACAF-2F15B3A05442}.Ad-Hoc|iPhone.Deploy.0 = Release|x86
		{243EE4A3-178C-4E37-ACAF-2F15B3A05442}.Ad-Hoc|iPhoneSimulator.ActiveCfg = Release|x86
		{243EE4A3-178C-4E37-ACAF-2F15B3A05442}.Ad-Hoc|iPhoneSimulator.Build.0 = Release|x86
		{243EE4A3-178C-4E37-ACAF-2F15B3A05442}.Ad-Hoc|iPhoneSimulator.Deploy.0 = Release|x86
		{243EE4A3-178C-4E37-ACAF-2F15B3A05442}.Ad-Hoc|x64.ActiveCfg = Release|x64
		{243EE4A3-178C-4E37-ACAF-2F15B3A05442}.Ad-Hoc|x64.Build.0 = Release|x64
		{243EE4A3-178C-4E37-ACAF-2F15B3A05442}.Ad-Hoc|x64.Deploy.0 = Release|x64
		{243EE4A3-178C-4E37-ACAF-2F15B3A05442}.Ad-Hoc|x86.ActiveCfg = Release|x86
		{243EE4A3-178C-4E37-ACAF-2F15B3A05442}.Ad-Hoc|x86.Build.0 = Release|x86
		{243EE4A3-178C-4E37-ACAF-2F15B3A05442}.Ad-Hoc|x86.Deploy.0 = Release|x86
		{243EE4A3-178C-4E37-ACAF-2F15B3A05442}.AppStore|Any CPU.ActiveCfg = Release|x86
		{243EE4A3-178C-4E37-ACAF-2F15B3A05442}.AppStore|Any CPU.Build.0 = Release|x86
		{243EE4A3-178C-4E37-ACAF-2F15B3A05442}.AppStore|Any CPU.Deploy.0 = Release|x86
		{243EE4A3-178C-4E37-ACAF-2F15B3A05442}.AppStore|ARM.ActiveCfg = Release|ARM
		{243EE4A3-178C-4E37-ACAF-2F15B3A05442}.AppStore|ARM.Build.0 = Release|ARM
		{243EE4A3-178C-4E37-ACAF-2F15B3A05442}.AppStore|ARM.Deploy.0 = Release|ARM
		{243EE4A3-178C-4E37-ACAF-2F15B3A05442}.AppStore|iPhone.ActiveCfg = Release|x86
		{243EE4A3-178C-4E37-ACAF-2F15B3A05442}.AppStore|iPhone.Build.0 = Release|x86
		{243EE4A3-178C-4E37-ACAF-2F15B3A05442}.AppStore|iPhone.Deploy.0 = Release|x86
		{243EE4A3-178C-4E37-ACAF-2F15B3A05442}.AppStore|iPhoneSimulator.ActiveCfg = Release|x86
		{243EE4A3-178C-4E37-ACAF-2F15B3A05442}.AppStore|iPhoneSimulator.Build.0 = Release|x86
		{243EE4A3-178C-4E37-ACAF-2F15B3A05442}.AppStore|iPhoneSimulator.Deploy.0 = Release|x86
		{243EE4A3-178C-4E37-ACAF-2F15B3A05442}.AppStore|x64.ActiveCfg = Release|x64
		{243EE4A3-178C-4E37-ACAF-2F15B3A05442}.AppStore|x64.Build.0 = Release|x64
		{243EE4A3-178C-4E37-ACAF-2F15B3A05442}.AppStore|x64.Deploy.0 = Release|x64
		{243EE4A3-178C-4E37-ACAF-2F15B3A05442}.AppStore|x86.ActiveCfg = Release|x86
		{243EE4A3-178C-4E37-ACAF-2F15B3A05442}.AppStore|x86.Build.0 = Release|x86
		{243EE4A3-178C-4E37-ACAF-2F15B3A05442}.AppStore|x86.Deploy.0 = Release|x86
		{243EE4A3-178C-4E37-ACAF-2F15B3A05442}.Debug|Any CPU.ActiveCfg = Debug|x86
		{243EE4A3-178C-4E37-ACAF-2F15B3A05442}.Debug|ARM.ActiveCfg = Debug|ARM
		{243EE4A3-178C-4E37-ACAF-2F15B3A05442}.Debug|ARM.Build.0 = Debug|ARM
		{243EE4A3-178C-4E37-ACAF-2F15B3A05442}.Debug|ARM.Deploy.0 = Debug|ARM
		{243EE4A3-178C-4E37-ACAF-2F15B3A05442}.Debug|iPhone.ActiveCfg = Debug|x86
		{243EE4A3-178C-4E37-ACAF-2F15B3A05442}.Debug|iPhoneSimulator.ActiveCfg = Debug|x86
		{243EE4A3-178C-4E37-ACAF-2F15B3A05442}.Debug|x64.ActiveCfg = Debug|x64
		{243EE4A3-178C-4E37-ACAF-2F15B3A05442}.Debug|x64.Build.0 = Debug|x64
		{243EE4A3-178C-4E37-ACAF-2F15B3A05442}.Debug|x64.Deploy.0 = Debug|x64
		{243EE4A3-178C-4E37-ACAF-2F15B3A05442}.Debug|x86.ActiveCfg = Debug|x86
		{243EE4A3-178C-4E37-ACAF-2F15B3A05442}.Debug|x86.Build.0 = Debug|x86
		{243EE4A3-178C-4E37-ACAF-2F15B3A05442}.Debug|x86.Deploy.0 = Debug|x86
		{243EE4A3-178C-4E37-ACAF-2F15B3A05442}.Release|Any CPU.ActiveCfg = Release|x86
		{243EE4A3-178C-4E37-ACAF-2F15B3A05442}.Release|ARM.ActiveCfg = Release|ARM
		{243EE4A3-178C-4E37-ACAF-2F15B3A05442}.Release|ARM.Build.0 = Release|ARM
		{243EE4A3-178C-4E37-ACAF-2F15B3A05442}.Release|ARM.Deploy.0 = Release|ARM
		{243EE4A3-178C-4E37-ACAF-2F15B3A05442}.Release|iPhone.ActiveCfg = Release|x86
		{243EE4A3-178C-4E37-ACAF-2F15B3A05442}.Release|iPhoneSimulator.ActiveCfg = Release|x86
		{243EE4A3-178C-4E37-ACAF-2F15B3A05442}.Release|x64.ActiveCfg = Release|x64
		{243EE4A3-178C-4E37-ACAF-2F15B3A05442}.Release|x64.Build.0 = Release|x64
		{243EE4A3-178C-4E37-ACAF-2F15B3A05442}.Release|x64.Deploy.0 = Release|x64
		{243EE4A3-178C-4E37-ACAF-2F15B3A05442}.Release|x86.ActiveCfg = Release|x86
		{243EE4A3-178C-4E37-ACAF-2F15B3A05442}.Release|x86.Build.0 = Release|x86
		{243EE4A3-178C-4E37-ACAF-2F15B3A05442}.Release|x86.Deploy.0 = Release|x86
		{7CABBD06-9F9A-440F-A67C-80DFBF4B783F}.Ad-Hoc|Any CPU.ActiveCfg = Ad-Hoc|iPhone
		{7CABBD06-9F9A-440F-A67C-80DFBF4B783F}.Ad-Hoc|ARM.ActiveCfg = Ad-Hoc|iPhone
		{7CABBD06-9F9A-440F-A67C-80DFBF4B783F}.Ad-Hoc|iPhone.ActiveCfg = Ad-Hoc|iPhone
		{7CABBD06-9F9A-440F-A67C-80DFBF4B783F}.Ad-Hoc|iPhone.Build.0 = Ad-Hoc|iPhone
		{7CABBD06-9F9A-440F-A67C-80DFBF4B783F}.Ad-Hoc|iPhoneSimulator.ActiveCfg = Ad-Hoc|iPhoneSimulator
		{7CABBD06-9F9A-440F-A67C-80DFBF4B783F}.Ad-Hoc|iPhoneSimulator.Build.0 = Ad-Hoc|iPhoneSimulator
		{7CABBD06-9F9A-440F-A67C-80DFBF4B783F}.Ad-Hoc|x64.ActiveCfg = Ad-Hoc|iPhone
		{7CABBD06-9F9A-440F-A67C-80DFBF4B783F}.Ad-Hoc|x86.ActiveCfg = Ad-Hoc|iPhone
		{7CABBD06-9F9A-440F-A67C-80DFBF4B783F}.AppStore|Any CPU.ActiveCfg = AppStore|iPhone
		{7CABBD06-9F9A-440F-A67C-80DFBF4B783F}.AppStore|ARM.ActiveCfg = AppStore|iPhone
		{7CABBD06-9F9A-440F-A67C-80DFBF4B783F}.AppStore|iPhone.ActiveCfg = AppStore|iPhone
		{7CABBD06-9F9A-440F-A67C-80DFBF4B783F}.AppStore|iPhone.Build.0 = AppStore|iPhone
		{7CABBD06-9F9A-440F-A67C-80DFBF4B783F}.AppStore|iPhoneSimulator.ActiveCfg = AppStore|iPhoneSimulator
		{7CABBD06-9F9A-440F-A67C-80DFBF4B783F}.AppStore|iPhoneSimulator.Build.0 = AppStore|iPhoneSimulator
		{7CABBD06-9F9A-440F-A67C-80DFBF4B783F}.AppStore|x64.ActiveCfg = AppStore|iPhone
		{7CABBD06-9F9A-440F-A67C-80DFBF4B783F}.AppStore|x86.ActiveCfg = AppStore|iPhone
		{7CABBD06-9F9A-440F-A67C-80DFBF4B783F}.Debug|Any CPU.ActiveCfg = Debug|iPhone
		{7CABBD06-9F9A-440F-A67C-80DFBF4B783F}.Debug|ARM.ActiveCfg = Debug|iPhone
		{7CABBD06-9F9A-440F-A67C-80DFBF4B783F}.Debug|iPhone.ActiveCfg = Debug|iPhone
		{7CABBD06-9F9A-440F-A67C-80DFBF4B783F}.Debug|iPhone.Build.0 = Debug|iPhone
		{7CABBD06-9F9A-440F-A67C-80DFBF4B783F}.Debug|iPhoneSimulator.ActiveCfg = Debug|iPhoneSimulator
		{7CABBD06-9F9A-440F-A67C-80DFBF4B783F}.Debug|iPhoneSimulator.Build.0 = Debug|iPhoneSimulator
		{7CABBD06-9F9A-440F-A67C-80DFBF4B783F}.Debug|x64.ActiveCfg = Debug|iPhone
		{7CABBD06-9F9A-440F-A67C-80DFBF4B783F}.Debug|x86.ActiveCfg = Debug|iPhone
		{7CABBD06-9F9A-440F-A67C-80DFBF4B783F}.Release|Any CPU.ActiveCfg = Release|iPhone
		{7CABBD06-9F9A-440F-A67C-80DFBF4B783F}.Release|ARM.ActiveCfg = Release|iPhone
		{7CABBD06-9F9A-440F-A67C-80DFBF4B783F}.Release|iPhone.ActiveCfg = Release|iPhone
		{7CABBD06-9F9A-440F-A67C-80DFBF4B783F}.Release|iPhone.Build.0 = Release|iPhone
		{7CABBD06-9F9A-440F-A67C-80DFBF4B783F}.Release|iPhoneSimulator.ActiveCfg = Release|iPhoneSimulator
		{7CABBD06-9F9A-440F-A67C-80DFBF4B783F}.Release|iPhoneSimulator.Build.0 = Release|iPhoneSimulator
		{7CABBD06-9F9A-440F-A67C-80DFBF4B783F}.Release|x64.ActiveCfg = Release|iPhone
		{7CABBD06-9F9A-440F-A67C-80DFBF4B783F}.Release|x86.ActiveCfg = Release|iPhone
	EndGlobalSection
	GlobalSection(SolutionProperties) = preSolution
		HideSolutionNode = FALSE
	EndGlobalSection
EndGlobal
